// !$*UTF8*$!
{
	archiveVersion = 1;
	classes = {
	};
	objectVersion = 50;
	objects = {

/* Begin PBXBuildFile section */
		C1F9D85C23279FA900E2A297 /* AppDelegate.swift in Sources */ = {isa = PBXBuildFile; fileRef = C1F9D85B23279FA900E2A297 /* AppDelegate.swift */; };
		C1F9D85E23279FA900E2A297 /* ViewController.swift in Sources */ = {isa = PBXBuildFile; fileRef = C1F9D85D23279FA900E2A297 /* ViewController.swift */; };
		C1F9D86123279FA900E2A297 /* Main.storyboard in Resources */ = {isa = PBXBuildFile; fileRef = C1F9D85F23279FA900E2A297 /* Main.storyboard */; };
		C1F9D86323279FAA00E2A297 /* Assets.xcassets in Resources */ = {isa = PBXBuildFile; fileRef = C1F9D86223279FAA00E2A297 /* Assets.xcassets */; };
		C1F9D86623279FAA00E2A297 /* LaunchScreen.storyboard in Resources */ = {isa = PBXBuildFile; fileRef = C1F9D86423279FAA00E2A297 /* LaunchScreen.storyboard */; };
		C1F9D87123279FAA00E2A297 /* MovieTicketPriceModelingTests.swift in Sources */ = {isa = PBXBuildFile; fileRef = C1F9D87023279FAA00E2A297 /* MovieTicketPriceModelingTests.swift */; };
		C1F9D87C23279FAA00E2A297 /* MovieTicketPriceModelingUITests.swift in Sources */ = {isa = PBXBuildFile; fileRef = C1F9D87B23279FAA00E2A297 /* MovieTicketPriceModelingUITests.swift */; };
		C1F9D88B2327A47000E2A297 /* Person.swift in Sources */ = {isa = PBXBuildFile; fileRef = C1F9D88A2327A47000E2A297 /* Person.swift */; };
		C1F9D88E2327A4BE00E2A297 /* Ticket.swift in Sources */ = {isa = PBXBuildFile; fileRef = C1F9D88D2327A4BE00E2A297 /* Ticket.swift */; };
		C1F9D8902327A62200E2A297 /* NormalTicket.swift in Sources */ = {isa = PBXBuildFile; fileRef = C1F9D88F2327A62200E2A297 /* NormalTicket.swift */; };
		C1F9D8922327A77200E2A297 /* NormalSeniorTicket.swift in Sources */ = {isa = PBXBuildFile; fileRef = C1F9D8912327A77200E2A297 /* NormalSeniorTicket.swift */; };
/* End PBXBuildFile section */

/* Begin PBXContainerItemProxy section */
		C1F9D86D23279FAA00E2A297 /* PBXContainerItemProxy */ = {
			isa = PBXContainerItemProxy;
			containerPortal = C1F9D85023279FA900E2A297 /* Project object */;
			proxyType = 1;
			remoteGlobalIDString = C1F9D85723279FA900E2A297;
			remoteInfo = MovieTicketPriceModeling;
		};
		C1F9D87823279FAA00E2A297 /* PBXContainerItemProxy */ = {
			isa = PBXContainerItemProxy;
			containerPortal = C1F9D85023279FA900E2A297 /* Project object */;
			proxyType = 1;
			remoteGlobalIDString = C1F9D85723279FA900E2A297;
			remoteInfo = MovieTicketPriceModeling;
		};
/* End PBXContainerItemProxy section */

/* Begin PBXFileReference section */
		C1F9D85823279FA900E2A297 /* MovieTicketPriceModeling.app */ = {isa = PBXFileReference; explicitFileType = wrapper.application; includeInIndex = 0; path = MovieTicketPriceModeling.app; sourceTree = BUILT_PRODUCTS_DIR; };
		C1F9D85B23279FA900E2A297 /* AppDelegate.swift */ = {isa = PBXFileReference; lastKnownFileType = sourcecode.swift; path = AppDelegate.swift; sourceTree = "<group>"; };
		C1F9D85D23279FA900E2A297 /* ViewController.swift */ = {isa = PBXFileReference; lastKnownFileType = sourcecode.swift; path = ViewController.swift; sourceTree = "<group>"; };
		C1F9D86023279FA900E2A297 /* Base */ = {isa = PBXFileReference; lastKnownFileType = file.storyboard; name = Base; path = Base.lproj/Main.storyboard; sourceTree = "<group>"; };
		C1F9D86223279FAA00E2A297 /* Assets.xcassets */ = {isa = PBXFileReference; lastKnownFileType = folder.assetcatalog; path = Assets.xcassets; sourceTree = "<group>"; };
		C1F9D86523279FAA00E2A297 /* Base */ = {isa = PBXFileReference; lastKnownFileType = file.storyboard; name = Base; path = Base.lproj/LaunchScreen.storyboard; sourceTree = "<group>"; };
		C1F9D86723279FAA00E2A297 /* Info.plist */ = {isa = PBXFileReference; lastKnownFileType = text.plist.xml; path = Info.plist; sourceTree = "<group>"; };
		C1F9D86C23279FAA00E2A297 /* MovieTicketPriceModelingTests.xctest */ = {isa = PBXFileReference; explicitFileType = wrapper.cfbundle; includeInIndex = 0; path = MovieTicketPriceModelingTests.xctest; sourceTree = BUILT_PRODUCTS_DIR; };
		C1F9D87023279FAA00E2A297 /* MovieTicketPriceModelingTests.swift */ = {isa = PBXFileReference; lastKnownFileType = sourcecode.swift; path = MovieTicketPriceModelingTests.swift; sourceTree = "<group>"; };
		C1F9D87223279FAA00E2A297 /* Info.plist */ = {isa = PBXFileReference; lastKnownFileType = text.plist.xml; path = Info.plist; sourceTree = "<group>"; };
		C1F9D87723279FAA00E2A297 /* MovieTicketPriceModelingUITests.xctest */ = {isa = PBXFileReference; explicitFileType = wrapper.cfbundle; includeInIndex = 0; path = MovieTicketPriceModelingUITests.xctest; sourceTree = BUILT_PRODUCTS_DIR; };
		C1F9D87B23279FAA00E2A297 /* MovieTicketPriceModelingUITests.swift */ = {isa = PBXFileReference; lastKnownFileType = sourcecode.swift; path = MovieTicketPriceModelingUITests.swift; sourceTree = "<group>"; };
		C1F9D87D23279FAA00E2A297 /* Info.plist */ = {isa = PBXFileReference; lastKnownFileType = text.plist.xml; path = Info.plist; sourceTree = "<group>"; };
		C1F9D88A2327A47000E2A297 /* Person.swift */ = {isa = PBXFileReference; lastKnownFileType = sourcecode.swift; path = Person.swift; sourceTree = "<group>"; };
		C1F9D88D2327A4BE00E2A297 /* Ticket.swift */ = {isa = PBXFileReference; lastKnownFileType = sourcecode.swift; path = Ticket.swift; sourceTree = "<group>"; };
		C1F9D88F2327A62200E2A297 /* NormalTicket.swift */ = {isa = PBXFileReference; lastKnownFileType = sourcecode.swift; path = NormalTicket.swift; sourceTree = "<group>"; };
		C1F9D8912327A77200E2A297 /* NormalSeniorTicket.swift */ = {isa = PBXFileReference; lastKnownFileType = sourcecode.swift; path = NormalSeniorTicket.swift; sourceTree = "<group>"; };
/* End PBXFileReference section */

/* Begin PBXFrameworksBuildPhase section */
		C1F9D85523279FA900E2A297 /* Frameworks */ = {
			isa = PBXFrameworksBuildPhase;
			buildActionMask = 2147483647;
			files = (
			);
			runOnlyForDeploymentPostprocessing = 0;
		};
		C1F9D86923279FAA00E2A297 /* Frameworks */ = {
			isa = PBXFrameworksBuildPhase;
			buildActionMask = 2147483647;
			files = (
			);
			runOnlyForDeploymentPostprocessing = 0;
		};
		C1F9D87423279FAA00E2A297 /* Frameworks */ = {
			isa = PBXFrameworksBuildPhase;
			buildActionMask = 2147483647;
			files = (
			);
			runOnlyForDeploymentPostprocessing = 0;
		};
/* End PBXFrameworksBuildPhase section */

/* Begin PBXGroup section */
		C1F9D84F23279FA900E2A297 = {
			isa = PBXGroup;
			children = (
				C1F9D85A23279FA900E2A297 /* MovieTicketPriceModeling */,
				C1F9D86F23279FAA00E2A297 /* MovieTicketPriceModelingTests */,
				C1F9D87A23279FAA00E2A297 /* MovieTicketPriceModelingUITests */,
				C1F9D85923279FA900E2A297 /* Products */,
			);
			sourceTree = "<group>";
		};
		C1F9D85923279FA900E2A297 /* Products */ = {
			isa = PBXGroup;
			children = (
				C1F9D85823279FA900E2A297 /* MovieTicketPriceModeling.app */,
				C1F9D86C23279FAA00E2A297 /* MovieTicketPriceModelingTests.xctest */,
				C1F9D87723279FAA00E2A297 /* MovieTicketPriceModelingUITests.xctest */,
			);
			name = Products;
			sourceTree = "<group>";
		};
		C1F9D85A23279FA900E2A297 /* MovieTicketPriceModeling */ = {
			isa = PBXGroup;
			children = (
				C1F9D8892327A45F00E2A297 /* Model */,
				C1F9D85B23279FA900E2A297 /* AppDelegate.swift */,
				C1F9D85D23279FA900E2A297 /* ViewController.swift */,
				C1F9D85F23279FA900E2A297 /* Main.storyboard */,
				C1F9D86223279FAA00E2A297 /* Assets.xcassets */,
				C1F9D86423279FAA00E2A297 /* LaunchScreen.storyboard */,
				C1F9D86723279FAA00E2A297 /* Info.plist */,
			);
			path = MovieTicketPriceModeling;
			sourceTree = "<group>";
		};
		C1F9D86F23279FAA00E2A297 /* MovieTicketPriceModelingTests */ = {
			isa = PBXGroup;
			children = (
				C1F9D87023279FAA00E2A297 /* MovieTicketPriceModelingTests.swift */,
				C1F9D87223279FAA00E2A297 /* Info.plist */,
			);
			path = MovieTicketPriceModelingTests;
			sourceTree = "<group>";
		};
		C1F9D87A23279FAA00E2A297 /* MovieTicketPriceModelingUITests */ = {
			isa = PBXGroup;
			children = (
				C1F9D87B23279FAA00E2A297 /* MovieTicketPriceModelingUITests.swift */,
				C1F9D87D23279FAA00E2A297 /* Info.plist */,
			);
			path = MovieTicketPriceModelingUITests;
			sourceTree = "<group>";
		};
		C1F9D8892327A45F00E2A297 /* Model */ = {
			isa = PBXGroup;
			children = (
				C1F9D88C2327A4B400E2A297 /* Ticket */,
				C1F9D88A2327A47000E2A297 /* Person.swift */,
			);
			path = Model;
			sourceTree = "<group>";
		};
		C1F9D88C2327A4B400E2A297 /* Ticket */ = {
			isa = PBXGroup;
			children = (
				C1F9D88D2327A4BE00E2A297 /* Ticket.swift */,
				C1F9D88F2327A62200E2A297 /* NormalTicket.swift */,
				C1F9D8912327A77200E2A297 /* NormalSeniorTicket.swift */,
			);
			path = Ticket;
			sourceTree = "<group>";
		};
/* End PBXGroup section */

/* Begin PBXNativeTarget section */
		C1F9D85723279FA900E2A297 /* MovieTicketPriceModeling */ = {
			isa = PBXNativeTarget;
			buildConfigurationList = C1F9D88023279FAA00E2A297 /* Build configuration list for PBXNativeTarget "MovieTicketPriceModeling" */;
			buildPhases = (
				C1F9D85423279FA900E2A297 /* Sources */,
				C1F9D85523279FA900E2A297 /* Frameworks */,
				C1F9D85623279FA900E2A297 /* Resources */,
			);
			buildRules = (
			);
			dependencies = (
			);
			name = MovieTicketPriceModeling;
			productName = MovieTicketPriceModeling;
			productReference = C1F9D85823279FA900E2A297 /* MovieTicketPriceModeling.app */;
			productType = "com.apple.product-type.application";
		};
		C1F9D86B23279FAA00E2A297 /* MovieTicketPriceModelingTests */ = {
			isa = PBXNativeTarget;
			buildConfigurationList = C1F9D88323279FAA00E2A297 /* Build configuration list for PBXNativeTarget "MovieTicketPriceModelingTests" */;
			buildPhases = (
				C1F9D86823279FAA00E2A297 /* Sources */,
				C1F9D86923279FAA00E2A297 /* Frameworks */,
				C1F9D86A23279FAA00E2A297 /* Resources */,
			);
			buildRules = (
			);
			dependencies = (
				C1F9D86E23279FAA00E2A297 /* PBXTargetDependency */,
			);
			name = MovieTicketPriceModelingTests;
			productName = MovieTicketPriceModelingTests;
			productReference = C1F9D86C23279FAA00E2A297 /* MovieTicketPriceModelingTests.xctest */;
			productType = "com.apple.product-type.bundle.unit-test";
		};
		C1F9D87623279FAA00E2A297 /* MovieTicketPriceModelingUITests */ = {
			isa = PBXNativeTarget;
			buildConfigurationList = C1F9D88623279FAA00E2A297 /* Build configuration list for PBXNativeTarget "MovieTicketPriceModelingUITests" */;
			buildPhases = (
				C1F9D87323279FAA00E2A297 /* Sources */,
				C1F9D87423279FAA00E2A297 /* Frameworks */,
				C1F9D87523279FAA00E2A297 /* Resources */,
			);
			buildRules = (
			);
			dependencies = (
				C1F9D87923279FAA00E2A297 /* PBXTargetDependency */,
			);
			name = MovieTicketPriceModelingUITests;
			productName = MovieTicketPriceModelingUITests;
			productReference = C1F9D87723279FAA00E2A297 /* MovieTicketPriceModelingUITests.xctest */;
			productType = "com.apple.product-type.bundle.ui-testing";
		};
/* End PBXNativeTarget section */

/* Begin PBXProject section */
		C1F9D85023279FA900E2A297 /* Project object */ = {
			isa = PBXProject;
			attributes = {
				LastSwiftUpdateCheck = 1020;
				LastUpgradeCheck = 1020;
				ORGANIZATIONNAME = "Seiya Mogami";
				TargetAttributes = {
					C1F9D85723279FA900E2A297 = {
						CreatedOnToolsVersion = 10.2.1;
					};
					C1F9D86B23279FAA00E2A297 = {
						CreatedOnToolsVersion = 10.2.1;
						TestTargetID = C1F9D85723279FA900E2A297;
					};
					C1F9D87623279FAA00E2A297 = {
						CreatedOnToolsVersion = 10.2.1;
						TestTargetID = C1F9D85723279FA900E2A297;
					};
				};
			};
			buildConfigurationList = C1F9D85323279FA900E2A297 /* Build configuration list for PBXProject "MovieTicketPriceModeling" */;
			compatibilityVersion = "Xcode 9.3";
			developmentRegion = en;
			hasScannedForEncodings = 0;
			knownRegions = (
				en,
				Base,
			);
			mainGroup = C1F9D84F23279FA900E2A297;
			productRefGroup = C1F9D85923279FA900E2A297 /* Products */;
			projectDirPath = "";
			projectRoot = "";
			targets = (
				C1F9D85723279FA900E2A297 /* MovieTicketPriceModeling */,
				C1F9D86B23279FAA00E2A297 /* MovieTicketPriceModelingTests */,
				C1F9D87623279FAA00E2A297 /* MovieTicketPriceModelingUITests */,
			);
		};
/* End PBXProject section */

/* Begin PBXResourcesBuildPhase section */
		C1F9D85623279FA900E2A297 /* Resources */ = {
			isa = PBXResourcesBuildPhase;
			buildActionMask = 2147483647;
			files = (
				C1F9D86623279FAA00E2A297 /* LaunchScreen.storyboard in Resources */,
				C1F9D86323279FAA00E2A297 /* Assets.xcassets in Resources */,
				C1F9D86123279FA900E2A297 /* Main.storyboard in Resources */,
			);
			runOnlyForDeploymentPostprocessing = 0;
		};
		C1F9D86A23279FAA00E2A297 /* Resources */ = {
			isa = PBXResourcesBuildPhase;
			buildActionMask = 2147483647;
			files = (
			);
			runOnlyForDeploymentPostprocessing = 0;
		};
		C1F9D87523279FAA00E2A297 /* Resources */ = {
			isa = PBXResourcesBuildPhase;
			buildActionMask = 2147483647;
			files = (
			);
			runOnlyForDeploymentPostprocessing = 0;
		};
/* End PBXResourcesBuildPhase section */

/* Begin PBXSourcesBuildPhase section */
		C1F9D85423279FA900E2A297 /* Sources */ = {
			isa = PBXSourcesBuildPhase;
			buildActionMask = 2147483647;
			files = (
				C1F9D88B2327A47000E2A297 /* Person.swift in Sources */,
				C1F9D85E23279FA900E2A297 /* ViewController.swift in Sources */,
				C1F9D8922327A77200E2A297 /* NormalSeniorTicket.swift in Sources */,
				C1F9D85C23279FA900E2A297 /* AppDelegate.swift in Sources */,
				C1F9D8902327A62200E2A297 /* NormalTicket.swift in Sources */,
				C1F9D88E2327A4BE00E2A297 /* Ticket.swift in Sources */,
			);
			runOnlyForDeploymentPostprocessing = 0;
		};
		C1F9D86823279FAA00E2A297 /* Sources */ = {
			isa = PBXSourcesBuildPhase;
			buildActionMask = 2147483647;
			files = (
				C1F9D87123279FAA00E2A297 /* MovieTicketPriceModelingTests.swift in Sources */,
			);
			runOnlyForDeploymentPostprocessing = 0;
		};
		C1F9D87323279FAA00E2A297 /* Sources */ = {
			isa = PBXSourcesBuildPhase;
			buildActionMask = 2147483647;
			files = (
				C1F9D87C23279FAA00E2A297 /* MovieTicketPriceModelingUITests.swift in Sources */,
			);
			runOnlyForDeploymentPostprocessing = 0;
		};
/* End PBXSourcesBuildPhase section */

/* Begin PBXTargetDependency section */
		C1F9D86E23279FAA00E2A297 /* PBXTargetDependency */ = {
			isa = PBXTargetDependency;
			target = C1F9D85723279FA900E2A297 /* MovieTicketPriceModeling */;
			targetProxy = C1F9D86D23279FAA00E2A297 /* PBXContainerItemProxy */;
		};
		C1F9D87923279FAA00E2A297 /* PBXTargetDependency */ = {
			isa = PBXTargetDependency;
			target = C1F9D85723279FA900E2A297 /* MovieTicketPriceModeling */;
			targetProxy = C1F9D87823279FAA00E2A297 /* PBXContainerItemProxy */;
		};
/* End PBXTargetDependency section */

/* Begin PBXVariantGroup section */
		C1F9D85F23279FA900E2A297 /* Main.storyboard */ = {
			isa = PBXVariantGroup;
			children = (
				C1F9D86023279FA900E2A297 /* Base */,
			);
			name = Main.storyboard;
			sourceTree = "<group>";
		};
		C1F9D86423279FAA00E2A297 /* LaunchScreen.storyboard */ = {
			isa = PBXVariantGroup;
			children = (
				C1F9D86523279FAA00E2A297 /* Base */,
			);
			name = LaunchScreen.storyboard;
			sourceTree = "<group>";
		};
/* End PBXVariantGroup section */

/* Begin XCBuildConfiguration section */
		C1F9D87E23279FAA00E2A297 /* Debug */ = {
			isa = XCBuildConfiguration;
			buildSettings = {
				ALWAYS_SEARCH_USER_PATHS = NO;
				CLANG_ANALYZER_NONNULL = YES;
				CLANG_ANALYZER_NUMBER_OBJECT_CONVERSION = YES_AGGRESSIVE;
				CLANG_CXX_LANGUAGE_STANDARD = "gnu++14";
				CLANG_CXX_LIBRARY = "libc++";
				CLANG_ENABLE_MODULES = YES;
				CLANG_ENABLE_OBJC_ARC = YES;
				CLANG_ENABLE_OBJC_WEAK = YES;
				CLANG_WARN_BLOCK_CAPTURE_AUTORELEASING = YES;
				CLANG_WARN_BOOL_CONVERSION = YES;
				CLANG_WARN_COMMA = YES;
				CLANG_WARN_CONSTANT_CONVERSION = YES;
				CLANG_WARN_DEPRECATED_OBJC_IMPLEMENTATIONS = YES;
				CLANG_WARN_DIRECT_OBJC_ISA_USAGE = YES_ERROR;
				CLANG_WARN_DOCUMENTATION_COMMENTS = YES;
				CLANG_WARN_EMPTY_BODY = YES;
				CLANG_WARN_ENUM_CONVERSION = YES;
				CLANG_WARN_INFINITE_RECURSION = YES;
				CLANG_WARN_INT_CONVERSION = YES;
				CLANG_WARN_NON_LITERAL_NULL_CONVERSION = YES;
				CLANG_WARN_OBJC_IMPLICIT_RETAIN_SELF = YES;
				CLANG_WARN_OBJC_LITERAL_CONVERSION = YES;
				CLANG_WARN_OBJC_ROOT_CLASS = YES_ERROR;
				CLANG_WARN_RANGE_LOOP_ANALYSIS = YES;
				CLANG_WARN_STRICT_PROTOTYPES = YES;
				CLANG_WARN_SUSPICIOUS_MOVE = YES;
				CLANG_WARN_UNGUARDED_AVAILABILITY = YES_AGGRESSIVE;
				CLANG_WARN_UNREACHABLE_CODE = YES;
				CLANG_WARN__DUPLICATE_METHOD_MATCH = YES;
				CODE_SIGN_IDENTITY = "iPhone Developer";
				COPY_PHASE_STRIP = NO;
				DEBUG_INFORMATION_FORMAT = dwarf;
				ENABLE_STRICT_OBJC_MSGSEND = YES;
				ENABLE_TESTABILITY = YES;
				GCC_C_LANGUAGE_STANDARD = gnu11;
				GCC_DYNAMIC_NO_PIC = NO;
				GCC_NO_COMMON_BLOCKS = YES;
				GCC_OPTIMIZATION_LEVEL = 0;
				GCC_PREPROCESSOR_DEFINITIONS = (
					"DEBUG=1",
					"$(inherited)",
				);
				GCC_WARN_64_TO_32_BIT_CONVERSION = YES;
				GCC_WARN_ABOUT_RETURN_TYPE = YES_ERROR;
				GCC_WARN_UNDECLARED_SELECTOR = YES;
				GCC_WARN_UNINITIALIZED_AUTOS = YES_AGGRESSIVE;
				GCC_WARN_UNUSED_FUNCTION = YES;
				GCC_WARN_UNUSED_VARIABLE = YES;
				IPHONEOS_DEPLOYMENT_TARGET = 12.2;
				MTL_ENABLE_DEBUG_INFO = INCLUDE_SOURCE;
				MTL_FAST_MATH = YES;
				ONLY_ACTIVE_ARCH = YES;
				SDKROOT = iphoneos;
				SWIFT_ACTIVE_COMPILATION_CONDITIONS = DEBUG;
				SWIFT_OPTIMIZATION_LEVEL = "-Onone";
			};
			name = Debug;
		};
		C1F9D87F23279FAA00E2A297 /* Release */ = {
			isa = XCBuildConfiguration;
			buildSettings = {
				ALWAYS_SEARCH_USER_PATHS = NO;
				CLANG_ANALYZER_NONNULL = YES;
				CLANG_ANALYZER_NUMBER_OBJECT_CONVERSION = YES_AGGRESSIVE;
				CLANG_CXX_LANGUAGE_STANDARD = "gnu++14";
				CLANG_CXX_LIBRARY = "libc++";
				CLANG_ENABLE_MODULES = YES;
				CLANG_ENABLE_OBJC_ARC = YES;
				CLANG_ENABLE_OBJC_WEAK = YES;
				CLANG_WARN_BLOCK_CAPTURE_AUTORELEASING = YES;
				CLANG_WARN_BOOL_CONVERSION = YES;
				CLANG_WARN_COMMA = YES;
				CLANG_WARN_CONSTANT_CONVERSION = YES;
				CLANG_WARN_DEPRECATED_OBJC_IMPLEMENTATIONS = YES;
				CLANG_WARN_DIRECT_OBJC_ISA_USAGE = YES_ERROR;
				CLANG_WARN_DOCUMENTATION_COMMENTS = YES;
				CLANG_WARN_EMPTY_BODY = YES;
				CLANG_WARN_ENUM_CONVERSION = YES;
				CLANG_WARN_INFINITE_RECURSION = YES;
				CLANG_WARN_INT_CONVERSION = YES;
				CLANG_WARN_NON_LITERAL_NULL_CONVERSION = YES;
				CLANG_WARN_OBJC_IMPLICIT_RETAIN_SELF = YES;
				CLANG_WARN_OBJC_LITERAL_CONVERSION = YES;
				CLANG_WARN_OBJC_ROOT_CLASS = YES_ERROR;
				CLANG_WARN_RANGE_LOOP_ANALYSIS = YES;
				CLANG_WARN_STRICT_PROTOTYPES = YES;
				CLANG_WARN_SUSPICIOUS_MOVE = YES;
				CLANG_WARN_UNGUARDED_AVAILABILITY = YES_AGGRESSIVE;
				CLANG_WARN_UNREACHABLE_CODE = YES;
				CLANG_WARN__DUPLICATE_METHOD_MATCH = YES;
				CODE_SIGN_IDENTITY = "iPhone Developer";
				COPY_PHASE_STRIP = NO;
				DEBUG_INFORMATION_FORMAT = "dwarf-with-dsym";
				ENABLE_NS_ASSERTIONS = NO;
				ENABLE_STRICT_OBJC_MSGSEND = YES;
				GCC_C_LANGUAGE_STANDARD = gnu11;
				GCC_NO_COMMON_BLOCKS = YES;
				GCC_WARN_64_TO_32_BIT_CONVERSION = YES;
				GCC_WARN_ABOUT_RETURN_TYPE = YES_ERROR;
				GCC_WARN_UNDECLARED_SELECTOR = YES;
				GCC_WARN_UNINITIALIZED_AUTOS = YES_AGGRESSIVE;
				GCC_WARN_UNUSED_FUNCTION = YES;
				GCC_WARN_UNUSED_VARIABLE = YES;
				IPHONEOS_DEPLOYMENT_TARGET = 12.2;
				MTL_ENABLE_DEBUG_INFO = NO;
				MTL_FAST_MATH = YES;
				SDKROOT = iphoneos;
				SWIFT_COMPILATION_MODE = wholemodule;
				SWIFT_OPTIMIZATION_LEVEL = "-O";
				VALIDATE_PRODUCT = YES;
			};
			name = Release;
		};
		C1F9D88123279FAA00E2A297 /* Debug */ = {
			isa = XCBuildConfiguration;
			buildSettings = {
				ASSETCATALOG_COMPILER_APPICON_NAME = AppIcon;
				CODE_SIGN_STYLE = Automatic;
				DEVELOPMENT_TEAM = 2G9R22Q49T;
				INFOPLIST_FILE = MovieTicketPriceModeling/Info.plist;
				LD_RUNPATH_SEARCH_PATHS = (
					"$(inherited)",
					"@executable_path/Frameworks",
				);
				PRODUCT_BUNDLE_IDENTIFIER = jp.mogaming.talk.MovieTicketPriceModeling;
				PRODUCT_NAME = "$(TARGET_NAME)";
				SWIFT_VERSION = 5.0;
				TARGETED_DEVICE_FAMILY = "1,2";
			};
			name = Debug;
		};
		C1F9D88223279FAA00E2A297 /* Release */ = {
			isa = XCBuildConfiguration;
			buildSettings = {
				ASSETCATALOG_COMPILER_APPICON_NAME = AppIcon;
				CODE_SIGN_STYLE = Automatic;
				DEVELOPMENT_TEAM = 2G9R22Q49T;
				INFOPLIST_FILE = MovieTicketPriceModeling/Info.plist;
				LD_RUNPATH_SEARCH_PATHS = (
					"$(inherited)",
					"@executable_path/Frameworks",
				);
				PRODUCT_BUNDLE_IDENTIFIER = jp.mogaming.talk.MovieTicketPriceModeling;
				PRODUCT_NAME = "$(TARGET_NAME)";
				SWIFT_VERSION = 5.0;
				TARGETED_DEVICE_FAMILY = "1,2";
			};
			name = Release;
		};
		C1F9D88423279FAA00E2A297 /* Debug */ = {
			isa = XCBuildConfiguration;
			buildSettings = {
				ALWAYS_EMBED_SWIFT_STANDARD_LIBRARIES = YES;
				BUNDLE_LOADER = "$(TEST_HOST)";
				CODE_SIGN_STYLE = Automatic;
				DEVELOPMENT_TEAM = 2G9R22Q49T;
				INFOPLIST_FILE = MovieTicketPriceModelingTests/Info.plist;
				LD_RUNPATH_SEARCH_PATHS = (
					"$(inherited)",
					"@executable_path/Frameworks",
					"@loader_path/Frameworks",
				);
				PRODUCT_BUNDLE_IDENTIFIER = jp.mogaming.talk.MovieTicketPriceModelingTests;
				PRODUCT_NAME = "$(TARGET_NAME)";
				SWIFT_VERSION = 5.0;
				TARGETED_DEVICE_FAMILY = "1,2";
				TEST_HOST = "$(BUILT_PRODUCTS_DIR)/MovieTicketPriceModeling.app/MovieTicketPriceModeling";
			};
			name = Debug;
		};
		C1F9D88523279FAA00E2A297 /* Release */ = {
			isa = XCBuildConfiguration;
			buildSettings = {
				ALWAYS_EMBED_SWIFT_STANDARD_LIBRARIES = YES;
				BUNDLE_LOADER = "$(TEST_HOST)";
				CODE_SIGN_STYLE = Automatic;
				DEVELOPMENT_TEAM = 2G9R22Q49T;
				INFOPLIST_FILE = MovieTicketPriceModelingTests/Info.plist;
				LD_RUNPATH_SEARCH_PATHS = (
					"$(inherited)",
					"@executable_path/Frameworks",
					"@loader_path/Frameworks",
				);
				PRODUCT_BUNDLE_IDENTIFIER = jp.mogaming.talk.MovieTicketPriceModelingTests;
				PRODUCT_NAME = "$(TARGET_NAME)";
				SWIFT_VERSION = 5.0;
				TARGETED_DEVICE_FAMILY = "1,2";
				TEST_HOST = "$(BUILT_PRODUCTS_DIR)/MovieTicketPriceModeling.app/MovieTicketPriceModeling";
			};
			name = Release;
		};
		C1F9D88723279FAA00E2A297 /* Debug */ = {
			isa = XCBuildConfiguration;
			buildSettings = {
				ALWAYS_EMBED_SWIFT_STANDARD_LIBRARIES = YES;
				CODE_SIGN_STYLE = Automatic;
				DEVELOPMENT_TEAM = 2G9R22Q49T;
				INFOPLIST_FILE = MovieTicketPriceModelingUITests/Info.plist;
				LD_RUNPATH_SEARCH_PATHS = (
					"$(inherited)",
					"@executable_path/Frameworks",
					"@loader_path/Frameworks",
				);
				PRODUCT_BUNDLE_IDENTIFIER = jp.mogaming.talk.MovieTicketPriceModelingUITests;
				PRODUCT_NAME = "$(TARGET_NAME)";
				SWIFT_VERSION = 5.0;
				TARGETED_DEVICE_FAMILY = "1,2";
				TEST_TARGET_NAME = MovieTicketPriceModeling;
			};
			name = Debug;
		};
		C1F9D88823279FAA00E2A297 /* Release */ = {
			isa = XCBuildConfiguration;
			buildSettings = {
				ALWAYS_EMBED_SWIFT_STANDARD_LIBRARIES = YES;
				CODE_SIGN_STYLE = Automatic;
				DEVELOPMENT_TEAM = 2G9R22Q49T;
				INFOPLIST_FILE = MovieTicketPriceModelingUITests/Info.plist;
				LD_RUNPATH_SEARCH_PATHS = (
					"$(inherited)",
					"@executable_path/Frameworks",
					"@loader_path/Frameworks",
				);
				PRODUCT_BUNDLE_IDENTIFIER = jp.mogaming.talk.MovieTicketPriceModelingUITests;
				PRODUCT_NAME = "$(TARGET_NAME)";
				SWIFT_VERSION = 5.0;
				TARGETED_DEVICE_FAMILY = "1,2";
				TEST_TARGET_NAME = MovieTicketPriceModeling;
			};
			name = Release;
		};
/* End XCBuildConfiguration section */

/* Begin XCConfigurationList section */
		C1F9D85323279FA900E2A297 /* Build configuration list for PBXProject "MovieTicketPriceModeling" */ = {
			isa = XCConfigurationList;
			buildConfigurations = (
				C1F9D87E23279FAA00E2A297 /* Debug */,
				C1F9D87F23279FAA00E2A297 /* Release */,
			);
			defaultConfigurationIsVisible = 0;
			defaultConfigurationName = Release;
		};
		C1F9D88023279FAA00E2A297 /* Build configuration list for PBXNativeTarget "MovieTicketPriceModeling" */ = {
			isa = XCConfigurationList;
			buildConfigurations = (
				C1F9D88123279FAA00E2A297 /* Debug */,
				C1F9D88223279FAA00E2A297 /* Release */,
			);
			defaultConfigurationIsVisible = 0;
			defaultConfigurationName = Release;
		};
		C1F9D88323279FAA00E2A297 /* Build configuration list for PBXNativeTarget "MovieTicketPriceModelingTests" */ = {
			isa = XCConfigurationList;
			buildConfigurations = (
				C1F9D88423279FAA00E2A297 /* Debug */,
				C1F9D88523279FAA00E2A297 /* Release */,
			);
			defaultConfigurationIsVisible = 0;
			defaultConfigurationName = Release;
		};
		C1F9D88623279FAA00E2A297 /* Build configuration list for PBXNativeTarget "MovieTicketPriceModelingUITests" */ = {
			isa = XCConfigurationList;
			buildConfigurations = (
				C1F9D88723279FAA00E2A297 /* Debug */,
				C1F9D88823279FAA00E2A297 /* Release */,
			);
			defaultConfigurationIsVisible = 0;
			defaultConfigurationName = Release;
		};
/* End XCConfigurationList section */
	};
	rootObject = C1F9D85023279FA900E2A297 /* Project object */;
}
